
Microsoft Visual Studio Solution File, Format Version 12.00
# Visual Studio Version 16
VisualStudioVersion = 16.6.30114.105
MinimumVisualStudioVersion = 10.0.40219.1
Project("{2150E333-8FDC-42A3-9474-1A3956D46DE8}") = "src", "src", "{66B91C39-7D05-4E24-83AF-D9EDD9E6C127}"
EndProject
Project("{9A19103F-16F7-4668-BE54-9A1E7A4F7556}") = "CodeBits", "src\CodeBits\CodeBits.csproj", "{ACA7503C-CA9B-4CB8-B9B9-231078B873A3}"
EndProject
Project("{FAE04EC0-301F-11D3-BF4B-00C04F79EFBC}") = "CodeBits.NetFx", "src\CodeBits.NetFx\CodeBits.NetFx.csproj", "{8DA7820F-8B10-480B-9B57-A6C1B6A52BC5}"
EndProject
Project("{2150E333-8FDC-42A3-9474-1A3956D46DE8}") = "Solution Items", "Solution Items", "{394A0763-BF9C-4C82-ACD5-7E48A7AEDC7A}"
	ProjectSection(SolutionItems) = preProject
		.editorconfig = .editorconfig
		CodeBits.sln.licenseheader = CodeBits.sln.licenseheader
		publish.ps1 = publish.ps1
		README.md = README.md
	EndProjectSection
EndProject
Project("{2150E333-8FDC-42A3-9474-1A3956D46DE8}") = "test", "test", "{D914D55E-F460-4D54-8941-ACC99F4C7A5C}"
EndProject
Project("{9A19103F-16F7-4668-BE54-9A1E7A4F7556}") = "CodeBits.Tests", "test\CodeBits.Tests\CodeBits.Tests.csproj", "{9E0920EE-036C-42BB-9520-D56B928FB6CB}"
EndProject
Project("{9A19103F-16F7-4668-BE54-9A1E7A4F7556}") = "CodeBits.NetStandard21", "src\CodeBits.NetStandard21\CodeBits.NetStandard21.csproj", "{C648C46F-4253-4343-B930-A4ED150697D2}"
EndProject
Project("{9A19103F-16F7-4668-BE54-9A1E7A4F7556}") = "CodeBits.NetStandard21.Tests", "test\CodeBits.NetStandard21.Tests\CodeBits.NetStandard21.Tests.csproj", "{D637AFAB-37E6-49FF-BE18-6C788887DAB0}"
EndProject
Global
	GlobalSection(SolutionConfigurationPlatforms) = preSolution
		Debug|Any CPU = Debug|Any CPU
		Debug|x64 = Debug|x64
		Debug|x86 = Debug|x86
		Release|Any CPU = Release|Any CPU
		Release|x64 = Release|x64
		Release|x86 = Release|x86
	EndGlobalSection
	GlobalSection(ProjectConfigurationPlatforms) = postSolution
		{ACA7503C-CA9B-4CB8-B9B9-231078B873A3}.Debug|Any CPU.ActiveCfg = Debug|Any CPU
		{ACA7503C-CA9B-4CB8-B9B9-231078B873A3}.Debug|Any CPU.Build.0 = Debug|Any CPU
		{ACA7503C-CA9B-4CB8-B9B9-231078B873A3}.Debug|x64.ActiveCfg = Debug|Any CPU
		{ACA7503C-CA9B-4CB8-B9B9-231078B873A3}.Debug|x64.Build.0 = Debug|Any CPU
		{ACA7503C-CA9B-4CB8-B9B9-231078B873A3}.Debug|x86.ActiveCfg = Debug|Any CPU
		{ACA7503C-CA9B-4CB8-B9B9-231078B873A3}.Debug|x86.Build.0 = Debug|Any CPU
		{ACA7503C-CA9B-4CB8-B9B9-231078B873A3}.Release|Any CPU.ActiveCfg = Release|Any CPU
		{ACA7503C-CA9B-4CB8-B9B9-231078B873A3}.Release|Any CPU.Build.0 = Release|Any CPU
		{ACA7503C-CA9B-4CB8-B9B9-231078B873A3}.Release|x64.ActiveCfg = Release|Any CPU
		{ACA7503C-CA9B-4CB8-B9B9-231078B873A3}.Release|x64.Build.0 = Release|Any CPU
		{ACA7503C-CA9B-4CB8-B9B9-231078B873A3}.Release|x86.ActiveCfg = Release|Any CPU
		{ACA7503C-CA9B-4CB8-B9B9-231078B873A3}.Release|x86.Build.0 = Release|Any CPU
		{8DA7820F-8B10-480B-9B57-A6C1B6A52BC5}.Debug|Any CPU.ActiveCfg = Debug|Any CPU
		{8DA7820F-8B10-480B-9B57-A6C1B6A52BC5}.Debug|Any CPU.Build.0 = Debug|Any CPU
		{8DA7820F-8B10-480B-9B57-A6C1B6A52BC5}.Debug|x64.ActiveCfg = Debug|Any CPU
		{8DA7820F-8B10-480B-9B57-A6C1B6A52BC5}.Debug|x64.Build.0 = Debug|Any CPU
		{8DA7820F-8B10-480B-9B57-A6C1B6A52BC5}.Debug|x86.ActiveCfg = Debug|Any CPU
		{8DA7820F-8B10-480B-9B57-A6C1B6A52BC5}.Debug|x86.Build.0 = Debug|Any CPU
		{8DA7820F-8B10-480B-9B57-A6C1B6A52BC5}.Release|Any CPU.ActiveCfg = Release|Any CPU
		{8DA7820F-8B10-480B-9B57-A6C1B6A52BC5}.Release|Any CPU.Build.0 = Release|Any CPU
		{8DA7820F-8B10-480B-9B57-A6C1B6A52BC5}.Release|x64.ActiveCfg = Release|Any CPU
		{8DA7820F-8B10-480B-9B57-A6C1B6A52BC5}.Release|x64.Build.0 = Release|Any CPU
		{8DA7820F-8B10-480B-9B57-A6C1B6A52BC5}.Release|x86.ActiveCfg = Release|Any CPU
		{8DA7820F-8B10-480B-9B57-A6C1B6A52BC5}.Release|x86.Build.0 = Release|Any CPU
		{9E0920EE-036C-42BB-9520-D56B928FB6CB}.Debug|Any CPU.ActiveCfg = Debug|Any CPU
		{9E0920EE-036C-42BB-9520-D56B928FB6CB}.Debug|Any CPU.Build.0 = Debug|Any CPU
		{9E0920EE-036C-42BB-9520-D56B928FB6CB}.Debug|x64.ActiveCfg = Debug|Any CPU
		{9E0920EE-036C-42BB-9520-D56B928FB6CB}.Debug|x64.Build.0 = Debug|Any CPU
		{9E0920EE-036C-42BB-9520-D56B928FB6CB}.Debug|x86.ActiveCfg = Debug|Any CPU
		{9E0920EE-036C-42BB-9520-D56B928FB6CB}.Debug|x86.Build.0 = Debug|Any CPU
		{9E0920EE-036C-42BB-9520-D56B928FB6CB}.Release|Any CPU.ActiveCfg = Release|Any CPU
		{9E0920EE-036C-42BB-9520-D56B928FB6CB}.Release|Any CPU.Build.0 = Release|Any CPU
		{9E0920EE-036C-42BB-9520-D56B928FB6CB}.Release|x64.ActiveCfg = Release|Any CPU
		{9E0920EE-036C-42BB-9520-D56B928FB6CB}.Release|x64.Build.0 = Release|Any CPU
		{9E0920EE-036C-42BB-9520-D56B928FB6CB}.Release|x86.ActiveCfg = Release|Any CPU
		{9E0920EE-036C-42BB-9520-D56B928FB6CB}.Release|x86.Build.0 = Release|Any CPU
		{C648C46F-4253-4343-B930-A4ED150697D2}.Debug|Any CPU.ActiveCfg = Debug|Any CPU
		{C648C46F-4253-4343-B930-A4ED150697D2}.Debug|Any CPU.Build.0 = Debug|Any CPU
		{C648C46F-4253-4343-B930-A4ED150697D2}.Debug|x64.ActiveCfg = Debug|Any CPU
		{C648C46F-4253-4343-B930-A4ED150697D2}.Debug|x64.Build.0 = Debug|Any CPU
		{C648C46F-4253-4343-B930-A4ED150697D2}.Debug|x86.ActiveCfg = Debug|Any CPU
		{C648C46F-4253-4343-B930-A4ED150697D2}.Debug|x86.Build.0 = Debug|Any CPU
		{C648C46F-4253-4343-B930-A4ED150697D2}.Release|Any CPU.ActiveCfg = Release|Any CPU
		{C648C46F-4253-4343-B930-A4ED150697D2}.Release|Any CPU.Build.0 = Release|Any CPU
		{C648C46F-4253-4343-B930-A4ED150697D2}.Release|x64.ActiveCfg = Release|Any CPU
		{C648C46F-4253-4343-B930-A4ED150697D2}.Release|x64.Build.0 = Release|Any CPU
		{C648C46F-4253-4343-B930-A4ED150697D2}.Release|x86.ActiveCfg = Release|Any CPU
		{C648C46F-4253-4343-B930-A4ED150697D2}.Release|x86.Build.0 = Release|Any CPU
		{D637AFAB-37E6-49FF-BE18-6C788887DAB0}.Debug|Any CPU.ActiveCfg = Debug|Any CPU
		{D637AFAB-37E6-49FF-BE18-6C788887DAB0}.Debug|Any CPU.Build.0 = Debug|Any CPU
		{D637AFAB-37E6-49FF-BE18-6C788887DAB0}.Debug|x64.ActiveCfg = Debug|Any CPU
		{D637AFAB-37E6-49FF-BE18-6C788887DAB0}.Debug|x64.Build.0 = Debug|Any CPU
		{D637AFAB-37E6-49FF-BE18-6C788887DAB0}.Debug|x86.ActiveCfg = Debug|Any CPU
		{D637AFAB-37E6-49FF-BE18-6C788887DAB0}.Debug|x86.Build.0 = Debug|Any CPU
		{D637AFAB-37E6-49FF-BE18-6C788887DAB0}.Release|Any CPU.ActiveCfg = Release|Any CPU
		{D637AFAB-37E6-49FF-BE18-6C788887DAB0}.Release|Any CPU.Build.0 = Release|Any CPU
		{D637AFAB-37E6-49FF-BE18-6C788887DAB0}.Release|x64.ActiveCfg = Release|Any CPU
		{D637AFAB-37E6-49FF-BE18-6C788887DAB0}.Release|x64.Build.0 = Release|Any CPU
		{D637AFAB-37E6-49FF-BE18-6C788887DAB0}.Release|x86.ActiveCfg = Release|Any CPU
		{D637AFAB-37E6-49FF-BE18-6C788887DAB0}.Release|x86.Build.0 = Release|Any CPU
	EndGlobalSection
	GlobalSection(SolutionProperties) = preSolution
		HideSolutionNode = FALSE
	EndGlobalSection
	GlobalSection(NestedProjects) = preSolution
		{ACA7503C-CA9B-4CB8-B9B9-231078B873A3} = {66B91C39-7D05-4E24-83AF-D9EDD9E6C127}
		{8DA7820F-8B10-480B-9B57-A6C1B6A52BC5} = {66B91C39-7D05-4E24-83AF-D9EDD9E6C127}
		{9E0920EE-036C-42BB-9520-D56B928FB6CB} = {D914D55E-F460-4D54-8941-ACC99F4C7A5C}
		{C648C46F-4253-4343-B930-A4ED150697D2} = {66B91C39-7D05-4E24-83AF-D9EDD9E6C127}
		{D637AFAB-37E6-49FF-BE18-6C788887DAB0} = {D914D55E-F460-4D54-8941-ACC99F4C7A5C}
	EndGlobalSection
	GlobalSection(ExtensibilityGlobals) = postSolution
		SolutionGuid = {9B8F9D07-AB1C-433D-BB3E-89E1FB38176F}
	EndGlobalSection
EndGlobal
