
Microsoft Visual Studio Solution File, Format Version 12.00
# Visual Studio 2012
Project("{FAE04EC0-301F-11D3-BF4B-00C04F79EFBC}") = "CodeBits", "CodeBits\CodeBits.csproj", "{3F59A0C2-0370-41ED-8469-272C37E2DB00}"
EndProject
Project("{FAE04EC0-301F-11D3-BF4B-00C04F79EFBC}") = "CodeBitsWP", "CodeBitsWP\CodeBitsWP.csproj", "{364B1D96-4478-42A1-A391-ADEA2E827E90}"
EndProject
Project("{FAE04EC0-301F-11D3-BF4B-00C04F79EFBC}") = "CodeBits.Tests", "CodeBits.Tests\CodeBits.Tests.csproj", "{62158B17-7C87-464F-8B08-E3B4E8379A79}"
EndProject
Global
	GlobalSection(TeamFoundationVersionControl) = preSolution
		SccEnterpriseProvider = {4CA58AB2-18FA-4F8D-95D4-32DDF27D184C}
		SccLocalPath0 = .
		SccLocalPath1 = CodeBits
		SccLocalPath2 = CodeBitsWP
		SccLocalPath3 = CodeBits.Tests
		SccNumberOfProjects = 4
		SccProjectName1 = CodeBits
		SccProjectName2 = CodeBitsWP
		SccProjectName3 = CodeBits.Tests
		SccProjectUniqueName1 = CodeBits\\CodeBits.csproj
		SccProjectUniqueName2 = CodeBitsWP\\CodeBitsWP.csproj
		SccProjectUniqueName3 = CodeBits.Tests\\CodeBits.Tests.csproj
		SccTeamFoundationServer = https://tfs.codeplex.com/tfs/tfs03
	EndGlobalSection
	GlobalSection(SolutionConfigurationPlatforms) = preSolution
		Debug|Any CPU = Debug|Any CPU
		Release|Any CPU = Release|Any CPU
	EndGlobalSection
	GlobalSection(ProjectConfigurationPlatforms) = postSolution
		{364B1D96-4478-42A1-A391-ADEA2E827E90}.Debug|Any CPU.ActiveCfg = Debug|Any CPU
		{364B1D96-4478-42A1-A391-ADEA2E827E90}.Debug|Any CPU.Build.0 = Debug|Any CPU
		{364B1D96-4478-42A1-A391-ADEA2E827E90}.Release|Any CPU.ActiveCfg = Release|Any CPU
		{364B1D96-4478-42A1-A391-ADEA2E827E90}.Release|Any CPU.Build.0 = Release|Any CPU
		{3F59A0C2-0370-41ED-8469-272C37E2DB00}.Debug|Any CPU.ActiveCfg = Debug|Any CPU
		{3F59A0C2-0370-41ED-8469-272C37E2DB00}.Debug|Any CPU.Build.0 = Debug|Any CPU
		{3F59A0C2-0370-41ED-8469-272C37E2DB00}.Release|Any CPU.ActiveCfg = Release|Any CPU
		{3F59A0C2-0370-41ED-8469-272C37E2DB00}.Release|Any CPU.Build.0 = Release|Any CPU
		{62158B17-7C87-464F-8B08-E3B4E8379A79}.Debug|Any CPU.ActiveCfg = Debug|Any CPU
		{62158B17-7C87-464F-8B08-E3B4E8379A79}.Debug|Any CPU.Build.0 = Debug|Any CPU
		{62158B17-7C87-464F-8B08-E3B4E8379A79}.Release|Any CPU.ActiveCfg = Release|Any CPU
		{62158B17-7C87-464F-8B08-E3B4E8379A79}.Release|Any CPU.Build.0 = Release|Any CPU
	EndGlobalSection
	GlobalSection(SolutionProperties) = preSolution
		HideSolutionNode = FALSE
	EndGlobalSection
EndGlobal
